
Microsoft Visual Studio Solution File, Format Version 12.00
# Visual Studio Version 17
VisualStudioVersion = 17.0.31903.59
MinimumVisualStudioVersion = 10.0.40219.1
Project("{FAE04EC0-301F-11D3-BF4B-00C04F79EFBC}") = "BHSystem.Web", "BHSystem.Web\BHSystem.Web.csproj", "{477DE1C8-52F4-4372-AC27-BE9128BD671D}"
EndProject
Project("{FAE04EC0-301F-11D3-BF4B-00C04F79EFBC}") = "BHSystem.Models", "BHSystem.Models\BHSystem.Models.csproj", "{32E2A1C8-ADBA-4E9C-A27F-9BE8597E9CA5}"
EndProject
Project("{FAE04EC0-301F-11D3-BF4B-00C04F79EFBC}") = "BHSystem.Data", "BHSystem.Data\BHSystem.Data.csproj", "{EA4D1212-4C5A-4615-A0E1-27E788832C4A}"
EndProject
Project("{FAE04EC0-301F-11D3-BF4B-00C04F79EFBC}") = "BHSystem.API", "BHSystem.API\BHSystem.API.csproj", "{E8A1F657-6D3C-4B5D-B9DE-AC2654F770AE}"
EndProject
Global
	GlobalSection(SolutionConfigurationPlatforms) = preSolution
		Debug|Any CPU = Debug|Any CPU
		Release|Any CPU = Release|Any CPU
	EndGlobalSection
	GlobalSection(ProjectConfigurationPlatforms) = postSolution
		{477DE1C8-52F4-4372-AC27-BE9128BD671D}.Debug|Any CPU.ActiveCfg = Debug|Any CPU
		{477DE1C8-52F4-4372-AC27-BE9128BD671D}.Debug|Any CPU.Build.0 = Debug|Any CPU
		{477DE1C8-52F4-4372-AC27-BE9128BD671D}.Release|Any CPU.ActiveCfg = Release|Any CPU
		{477DE1C8-52F4-4372-AC27-BE9128BD671D}.Release|Any CPU.Build.0 = Release|Any CPU
		{32E2A1C8-ADBA-4E9C-A27F-9BE8597E9CA5}.Debug|Any CPU.ActiveCfg = Debug|Any CPU
		{32E2A1C8-ADBA-4E9C-A27F-9BE8597E9CA5}.Debug|Any CPU.Build.0 = Debug|Any CPU
		{32E2A1C8-ADBA-4E9C-A27F-9BE8597E9CA5}.Release|Any CPU.ActiveCfg = Release|Any CPU
		{32E2A1C8-ADBA-4E9C-A27F-9BE8597E9CA5}.Release|Any CPU.Build.0 = Release|Any CPU
		{EA4D1212-4C5A-4615-A0E1-27E788832C4A}.Debug|Any CPU.ActiveCfg = Debug|Any CPU
		{EA4D1212-4C5A-4615-A0E1-27E788832C4A}.Debug|Any CPU.Build.0 = Debug|Any CPU
		{EA4D1212-4C5A-4615-A0E1-27E788832C4A}.Release|Any CPU.ActiveCfg = Release|Any CPU
		{EA4D1212-4C5A-4615-A0E1-27E788832C4A}.Release|Any CPU.Build.0 = Release|Any CPU
		{E8A1F657-6D3C-4B5D-B9DE-AC2654F770AE}.Debug|Any CPU.ActiveCfg = Debug|Any CPU
		{E8A1F657-6D3C-4B5D-B9DE-AC2654F770AE}.Debug|Any CPU.Build.0 = Debug|Any CPU
		{E8A1F657-6D3C-4B5D-B9DE-AC2654F770AE}.Release|Any CPU.ActiveCfg = Release|Any CPU
		{E8A1F657-6D3C-4B5D-B9DE-AC2654F770AE}.Release|Any CPU.Build.0 = Release|Any CPU
	EndGlobalSection
	GlobalSection(SolutionProperties) = preSolution
		HideSolutionNode = FALSE
	EndGlobalSection
	GlobalSection(ExtensibilityGlobals) = postSolution
		SolutionGuid = {4C753CF0-3CF1-41CA-B886-463B7B81A4E6}
	EndGlobalSection
EndGlobal
